// !$*UTF8*$!
{
	archiveVersion = 1;
	classes = {
	};
	objectVersion = 50;
	objects = {

/* Begin PBXBuildFile section */
		8B0924CE27C61DC2006A6488 /* InitialViewController.swift in Sources */ = {isa = PBXBuildFile; fileRef = 8B0924CC27C61DC2006A6488 /* InitialViewController.swift */; };
		8B0924CF27C61DC2006A6488 /* InitialViewController.xib in Resources */ = {isa = PBXBuildFile; fileRef = 8B0924CD27C61DC2006A6488 /* InitialViewController.xib */; };
		8B0924E227C61E9F006A6488 /* UIView.swift in Sources */ = {isa = PBXBuildFile; fileRef = 8B0924E127C61E9F006A6488 /* UIView.swift */; };
		8B0924E727C61F11006A6488 /* Globals.swift in Sources */ = {isa = PBXBuildFile; fileRef = 8B0924E627C61F11006A6488 /* Globals.swift */; };
		8B0924F527C6219C006A6488 /* PTViewController.swift in Sources */ = {isa = PBXBuildFile; fileRef = 8B0924F427C6219C006A6488 /* PTViewController.swift */; };
		8B09250027C6CD6B006A6488 /* ProductsListViewController.swift in Sources */ = {isa = PBXBuildFile; fileRef = 8B0924FE27C6CD6B006A6488 /* ProductsListViewController.swift */; };
		8B09250127C6CD6B006A6488 /* ProductsListViewController.xib in Resources */ = {isa = PBXBuildFile; fileRef = 8B0924FF27C6CD6B006A6488 /* ProductsListViewController.xib */; };
		8B09250F27C6CDDC006A6488 /* ProductDetailsViewController.swift in Sources */ = {isa = PBXBuildFile; fileRef = 8B09250D27C6CDDB006A6488 /* ProductDetailsViewController.swift */; };
		8B09251027C6CDDC006A6488 /* ProductDetailsViewController.xib in Resources */ = {isa = PBXBuildFile; fileRef = 8B09250E27C6CDDC006A6488 /* ProductDetailsViewController.xib */; };
		8B09251E27C6CF8B006A6488 /* PTSpinner.swift in Sources */ = {isa = PBXBuildFile; fileRef = 8B09251D27C6CF8B006A6488 /* PTSpinner.swift */; };
		8B09252727C6E76A006A6488 /* Strings.swift in Sources */ = {isa = PBXBuildFile; fileRef = 8B09252627C6E76A006A6488 /* Strings.swift */; };
		8B09253627C6E835006A6488 /* ProductsListHeaderView.swift in Sources */ = {isa = PBXBuildFile; fileRef = 8B09253527C6E835006A6488 /* ProductsListHeaderView.swift */; };
		8B09253E27C6E83F006A6488 /* ProductsListHeaderView.xib in Resources */ = {isa = PBXBuildFile; fileRef = 8B09253D27C6E83F006A6488 /* ProductsListHeaderView.xib */; };
		8B09254727C6EED0006A6488 /* UITableView.swift in Sources */ = {isa = PBXBuildFile; fileRef = 8B09254627C6EED0006A6488 /* UITableView.swift */; };
		8B09254F27C6EFCA006A6488 /* ProductTableViewCell.swift in Sources */ = {isa = PBXBuildFile; fileRef = 8B09254D27C6EFCA006A6488 /* ProductTableViewCell.swift */; };
		8B09255027C6EFCA006A6488 /* ProductTableViewCell.xib in Resources */ = {isa = PBXBuildFile; fileRef = 8B09254E27C6EFCA006A6488 /* ProductTableViewCell.xib */; };
		8B09257A27C7F903006A6488 /* Endpoint.swift in Sources */ = {isa = PBXBuildFile; fileRef = 8B09257927C7F902006A6488 /* Endpoint.swift */; };
		8B09257F27C7F952006A6488 /* DataRequest.swift in Sources */ = {isa = PBXBuildFile; fileRef = 8B09257E27C7F952006A6488 /* DataRequest.swift */; };
		8B09258427C7FA94006A6488 /* NetworkRequest.swift in Sources */ = {isa = PBXBuildFile; fileRef = 8B09258327C7FA94006A6488 /* NetworkRequest.swift */; };
		8B09258927C7FD0D006A6488 /* Error.swift in Sources */ = {isa = PBXBuildFile; fileRef = 8B09258827C7FD0D006A6488 /* Error.swift */; };
		8B09258E27C7FF80006A6488 /* Network+Products.swift in Sources */ = {isa = PBXBuildFile; fileRef = 8B09258D27C7FF80006A6488 /* Network+Products.swift */; };
		8B09259427C8072D006A6488 /* Product.swift in Sources */ = {isa = PBXBuildFile; fileRef = 8B09259327C8072D006A6488 /* Product.swift */; };
		8B09259927C807CE006A6488 /* Network+Grades.swift in Sources */ = {isa = PBXBuildFile; fileRef = 8B09259827C807CE006A6488 /* Network+Grades.swift */; };
		8B09259E27C80873006A6488 /* Grade.swift in Sources */ = {isa = PBXBuildFile; fileRef = 8B09259D27C80873006A6488 /* Grade.swift */; };
		8B0925A727C80B8D006A6488 /* ProductFetching.swift in Sources */ = {isa = PBXBuildFile; fileRef = 8B0925A627C80B8D006A6488 /* ProductFetching.swift */; };
		8B0925B227C80C43006A6488 /* GradeFetching.swift in Sources */ = {isa = PBXBuildFile; fileRef = 8B0925B127C80C43006A6488 /* GradeFetching.swift */; };
		8B0925CF27C80DF8006A6488 /* ProductsLevel1Fetcher.swift in Sources */ = {isa = PBXBuildFile; fileRef = 8B0925CE27C80DF8006A6488 /* ProductsLevel1Fetcher.swift */; };
		8B0925DD27C811FF006A6488 /* ProductsLevel2Fetcher.swift in Sources */ = {isa = PBXBuildFile; fileRef = 8B0925DC27C811FF006A6488 /* ProductsLevel2Fetcher.swift */; };
		8B0925E427C820F3006A6488 /* Coordinatable.swift in Sources */ = {isa = PBXBuildFile; fileRef = 8B0925E327C820F2006A6488 /* Coordinatable.swift */; };
		8B0925F427C82199006A6488 /* ProductCoordinator.swift in Sources */ = {isa = PBXBuildFile; fileRef = 8B0925F327C82199006A6488 /* ProductCoordinator.swift */; };
		8B09260427C82308006A6488 /* AppCoordinator.swift in Sources */ = {isa = PBXBuildFile; fileRef = 8B09260327C82308006A6488 /* AppCoordinator.swift */; };
		8B09260C27C82A58006A6488 /* ProductsListModelController.swift in Sources */ = {isa = PBXBuildFile; fileRef = 8B09260B27C82A58006A6488 /* ProductsListModelController.swift */; };
		8B09261E27C82E01006A6488 /* ProductsListDataSource.swift in Sources */ = {isa = PBXBuildFile; fileRef = 8B09261D27C82E01006A6488 /* ProductsListDataSource.swift */; };
		8B09262627C82EDA006A6488 /* ProductsListOutputProtocol.swift in Sources */ = {isa = PBXBuildFile; fileRef = 8B09262527C82EDA006A6488 /* ProductsListOutputProtocol.swift */; };
		8B09262B27C82EF2006A6488 /* ProductsListViewControllerProtocol.swift in Sources */ = {isa = PBXBuildFile; fileRef = 8B09262A27C82EF2006A6488 /* ProductsListViewControllerProtocol.swift */; };
		8B09263327C82F0F006A6488 /* ProductsListInputProtocol.swift in Sources */ = {isa = PBXBuildFile; fileRef = 8B09263227C82F0F006A6488 /* ProductsListInputProtocol.swift */; };
		8B09263827C8E903006A6488 /* GradeFetcher.swift in Sources */ = {isa = PBXBuildFile; fileRef = 8B09263727C8E903006A6488 /* GradeFetcher.swift */; };
		8B09263D27C8F89B006A6488 /* GradeRequestData.swift in Sources */ = {isa = PBXBuildFile; fileRef = 8B09263C27C8F89B006A6488 /* GradeRequestData.swift */; };
		8B09264227CA96C0006A6488 /* UIApplication.swift in Sources */ = {isa = PBXBuildFile; fileRef = 8B09264127CA96BF006A6488 /* UIApplication.swift */; };
		8BA232CF27C611100013F559 /* AppDelegate.swift in Sources */ = {isa = PBXBuildFile; fileRef = 8BA232CE27C611100013F559 /* AppDelegate.swift */; };
		8BA232D827C611190013F559 /* Assets.xcassets in Resources */ = {isa = PBXBuildFile; fileRef = 8BA232D727C611190013F559 /* Assets.xcassets */; };
		8BA232DB27C611190013F559 /* LaunchScreen.storyboard in Resources */ = {isa = PBXBuildFile; fileRef = 8BA232D927C611190013F559 /* LaunchScreen.storyboard */; };
		8BA232E627C611190013F559 /* PTTests.swift in Sources */ = {isa = PBXBuildFile; fileRef = 8BA232E527C611190013F559 /* PTTests.swift */; };
		8BA232F127C611190013F559 /* PTUITests.swift in Sources */ = {isa = PBXBuildFile; fileRef = 8BA232F027C611190013F559 /* PTUITests.swift */; };
/* End PBXBuildFile section */

/* Begin PBXContainerItemProxy section */
		8BA232E227C611190013F559 /* PBXContainerItemProxy */ = {
			isa = PBXContainerItemProxy;
			containerPortal = 8BA232C327C611100013F559 /* Project object */;
			proxyType = 1;
			remoteGlobalIDString = 8BA232CA27C611100013F559;
			remoteInfo = PT;
		};
		8BA232ED27C611190013F559 /* PBXContainerItemProxy */ = {
			isa = PBXContainerItemProxy;
			containerPortal = 8BA232C327C611100013F559 /* Project object */;
			proxyType = 1;
			remoteGlobalIDString = 8BA232CA27C611100013F559;
			remoteInfo = PT;
		};
/* End PBXContainerItemProxy section */

/* Begin PBXFileReference section */
		8B0924CC27C61DC2006A6488 /* InitialViewController.swift */ = {isa = PBXFileReference; lastKnownFileType = sourcecode.swift; path = InitialViewController.swift; sourceTree = "<group>"; };
		8B0924CD27C61DC2006A6488 /* InitialViewController.xib */ = {isa = PBXFileReference; lastKnownFileType = file.xib; path = InitialViewController.xib; sourceTree = "<group>"; };
		8B0924E127C61E9F006A6488 /* UIView.swift */ = {isa = PBXFileReference; lastKnownFileType = sourcecode.swift; path = UIView.swift; sourceTree = "<group>"; };
		8B0924E627C61F11006A6488 /* Globals.swift */ = {isa = PBXFileReference; lastKnownFileType = sourcecode.swift; path = Globals.swift; sourceTree = "<group>"; };
		8B0924F427C6219C006A6488 /* PTViewController.swift */ = {isa = PBXFileReference; lastKnownFileType = sourcecode.swift; path = PTViewController.swift; sourceTree = "<group>"; };
		8B0924FE27C6CD6B006A6488 /* ProductsListViewController.swift */ = {isa = PBXFileReference; lastKnownFileType = sourcecode.swift; path = ProductsListViewController.swift; sourceTree = "<group>"; };
		8B0924FF27C6CD6B006A6488 /* ProductsListViewController.xib */ = {isa = PBXFileReference; lastKnownFileType = file.xib; path = ProductsListViewController.xib; sourceTree = "<group>"; };
		8B09250D27C6CDDB006A6488 /* ProductDetailsViewController.swift */ = {isa = PBXFileReference; lastKnownFileType = sourcecode.swift; path = ProductDetailsViewController.swift; sourceTree = "<group>"; };
		8B09250E27C6CDDC006A6488 /* ProductDetailsViewController.xib */ = {isa = PBXFileReference; lastKnownFileType = file.xib; path = ProductDetailsViewController.xib; sourceTree = "<group>"; };
		8B09251D27C6CF8B006A6488 /* PTSpinner.swift */ = {isa = PBXFileReference; lastKnownFileType = sourcecode.swift; path = PTSpinner.swift; sourceTree = "<group>"; };
		8B09252627C6E76A006A6488 /* Strings.swift */ = {isa = PBXFileReference; lastKnownFileType = sourcecode.swift; path = Strings.swift; sourceTree = "<group>"; };
		8B09253527C6E835006A6488 /* ProductsListHeaderView.swift */ = {isa = PBXFileReference; lastKnownFileType = sourcecode.swift; path = ProductsListHeaderView.swift; sourceTree = "<group>"; };
		8B09253D27C6E83F006A6488 /* ProductsListHeaderView.xib */ = {isa = PBXFileReference; lastKnownFileType = file.xib; path = ProductsListHeaderView.xib; sourceTree = "<group>"; };
		8B09254627C6EED0006A6488 /* UITableView.swift */ = {isa = PBXFileReference; lastKnownFileType = sourcecode.swift; path = UITableView.swift; sourceTree = "<group>"; };
		8B09254D27C6EFCA006A6488 /* ProductTableViewCell.swift */ = {isa = PBXFileReference; lastKnownFileType = sourcecode.swift; path = ProductTableViewCell.swift; sourceTree = "<group>"; };
		8B09254E27C6EFCA006A6488 /* ProductTableViewCell.xib */ = {isa = PBXFileReference; lastKnownFileType = file.xib; path = ProductTableViewCell.xib; sourceTree = "<group>"; };
		8B09257927C7F902006A6488 /* Endpoint.swift */ = {isa = PBXFileReference; lastKnownFileType = sourcecode.swift; path = Endpoint.swift; sourceTree = "<group>"; };
		8B09257E27C7F952006A6488 /* DataRequest.swift */ = {isa = PBXFileReference; lastKnownFileType = sourcecode.swift; path = DataRequest.swift; sourceTree = "<group>"; };
		8B09258327C7FA94006A6488 /* NetworkRequest.swift */ = {isa = PBXFileReference; lastKnownFileType = sourcecode.swift; path = NetworkRequest.swift; sourceTree = "<group>"; };
		8B09258827C7FD0D006A6488 /* Error.swift */ = {isa = PBXFileReference; lastKnownFileType = sourcecode.swift; path = Error.swift; sourceTree = "<group>"; };
		8B09258D27C7FF80006A6488 /* Network+Products.swift */ = {isa = PBXFileReference; lastKnownFileType = sourcecode.swift; path = "Network+Products.swift"; sourceTree = "<group>"; };
		8B09259327C8072D006A6488 /* Product.swift */ = {isa = PBXFileReference; lastKnownFileType = sourcecode.swift; path = Product.swift; sourceTree = "<group>"; };
		8B09259827C807CE006A6488 /* Network+Grades.swift */ = {isa = PBXFileReference; lastKnownFileType = sourcecode.swift; path = "Network+Grades.swift"; sourceTree = "<group>"; };
		8B09259D27C80873006A6488 /* Grade.swift */ = {isa = PBXFileReference; lastKnownFileType = sourcecode.swift; path = Grade.swift; sourceTree = "<group>"; };
		8B0925A627C80B8D006A6488 /* ProductFetching.swift */ = {isa = PBXFileReference; lastKnownFileType = sourcecode.swift; path = ProductFetching.swift; sourceTree = "<group>"; };
		8B0925B127C80C43006A6488 /* GradeFetching.swift */ = {isa = PBXFileReference; lastKnownFileType = sourcecode.swift; path = GradeFetching.swift; sourceTree = "<group>"; };
		8B0925CE27C80DF8006A6488 /* ProductsLevel1Fetcher.swift */ = {isa = PBXFileReference; lastKnownFileType = sourcecode.swift; path = ProductsLevel1Fetcher.swift; sourceTree = "<group>"; };
		8B0925DC27C811FF006A6488 /* ProductsLevel2Fetcher.swift */ = {isa = PBXFileReference; lastKnownFileType = sourcecode.swift; path = ProductsLevel2Fetcher.swift; sourceTree = "<group>"; };
		8B0925E327C820F2006A6488 /* Coordinatable.swift */ = {isa = PBXFileReference; lastKnownFileType = sourcecode.swift; path = Coordinatable.swift; sourceTree = "<group>"; };
		8B0925F327C82199006A6488 /* ProductCoordinator.swift */ = {isa = PBXFileReference; lastKnownFileType = sourcecode.swift; path = ProductCoordinator.swift; sourceTree = "<group>"; };
		8B09260327C82308006A6488 /* AppCoordinator.swift */ = {isa = PBXFileReference; lastKnownFileType = sourcecode.swift; path = AppCoordinator.swift; sourceTree = "<group>"; };
		8B09260B27C82A58006A6488 /* ProductsListModelController.swift */ = {isa = PBXFileReference; lastKnownFileType = sourcecode.swift; path = ProductsListModelController.swift; sourceTree = "<group>"; };
		8B09261D27C82E01006A6488 /* ProductsListDataSource.swift */ = {isa = PBXFileReference; lastKnownFileType = sourcecode.swift; path = ProductsListDataSource.swift; sourceTree = "<group>"; };
		8B09262527C82EDA006A6488 /* ProductsListOutputProtocol.swift */ = {isa = PBXFileReference; lastKnownFileType = sourcecode.swift; path = ProductsListOutputProtocol.swift; sourceTree = "<group>"; };
		8B09262A27C82EF2006A6488 /* ProductsListViewControllerProtocol.swift */ = {isa = PBXFileReference; lastKnownFileType = sourcecode.swift; path = ProductsListViewControllerProtocol.swift; sourceTree = "<group>"; };
		8B09263227C82F0F006A6488 /* ProductsListInputProtocol.swift */ = {isa = PBXFileReference; lastKnownFileType = sourcecode.swift; path = ProductsListInputProtocol.swift; sourceTree = "<group>"; };
		8B09263727C8E903006A6488 /* GradeFetcher.swift */ = {isa = PBXFileReference; lastKnownFileType = sourcecode.swift; path = GradeFetcher.swift; sourceTree = "<group>"; };
		8B09263C27C8F89B006A6488 /* GradeRequestData.swift */ = {isa = PBXFileReference; lastKnownFileType = sourcecode.swift; path = GradeRequestData.swift; sourceTree = "<group>"; };
		8B09264127CA96BF006A6488 /* UIApplication.swift */ = {isa = PBXFileReference; lastKnownFileType = sourcecode.swift; path = UIApplication.swift; sourceTree = "<group>"; };
		8BA232CB27C611100013F559 /* PT.app */ = {isa = PBXFileReference; explicitFileType = wrapper.application; includeInIndex = 0; path = PT.app; sourceTree = BUILT_PRODUCTS_DIR; };
		8BA232CE27C611100013F559 /* AppDelegate.swift */ = {isa = PBXFileReference; lastKnownFileType = sourcecode.swift; path = AppDelegate.swift; sourceTree = "<group>"; };
		8BA232D727C611190013F559 /* Assets.xcassets */ = {isa = PBXFileReference; lastKnownFileType = folder.assetcatalog; path = Assets.xcassets; sourceTree = "<group>"; };
		8BA232DA27C611190013F559 /* Base */ = {isa = PBXFileReference; lastKnownFileType = file.storyboard; name = Base; path = Base.lproj/LaunchScreen.storyboard; sourceTree = "<group>"; };
		8BA232DC27C611190013F559 /* Info.plist */ = {isa = PBXFileReference; lastKnownFileType = text.plist.xml; path = Info.plist; sourceTree = "<group>"; };
		8BA232E127C611190013F559 /* PTTests.xctest */ = {isa = PBXFileReference; explicitFileType = wrapper.cfbundle; includeInIndex = 0; path = PTTests.xctest; sourceTree = BUILT_PRODUCTS_DIR; };
		8BA232E527C611190013F559 /* PTTests.swift */ = {isa = PBXFileReference; lastKnownFileType = sourcecode.swift; path = PTTests.swift; sourceTree = "<group>"; };
		8BA232E727C611190013F559 /* Info.plist */ = {isa = PBXFileReference; lastKnownFileType = text.plist.xml; path = Info.plist; sourceTree = "<group>"; };
		8BA232EC27C611190013F559 /* PTUITests.xctest */ = {isa = PBXFileReference; explicitFileType = wrapper.cfbundle; includeInIndex = 0; path = PTUITests.xctest; sourceTree = BUILT_PRODUCTS_DIR; };
		8BA232F027C611190013F559 /* PTUITests.swift */ = {isa = PBXFileReference; lastKnownFileType = sourcecode.swift; path = PTUITests.swift; sourceTree = "<group>"; };
		8BA232F227C611190013F559 /* Info.plist */ = {isa = PBXFileReference; lastKnownFileType = text.plist.xml; path = Info.plist; sourceTree = "<group>"; };
/* End PBXFileReference section */

/* Begin PBXFrameworksBuildPhase section */
		8BA232C827C611100013F559 /* Frameworks */ = {
			isa = PBXFrameworksBuildPhase;
			buildActionMask = 2147483647;
			files = (
			);
			runOnlyForDeploymentPostprocessing = 0;
		};
		8BA232DE27C611190013F559 /* Frameworks */ = {
			isa = PBXFrameworksBuildPhase;
			buildActionMask = 2147483647;
			files = (
			);
			runOnlyForDeploymentPostprocessing = 0;
		};
		8BA232E927C611190013F559 /* Frameworks */ = {
			isa = PBXFrameworksBuildPhase;
			buildActionMask = 2147483647;
			files = (
			);
			runOnlyForDeploymentPostprocessing = 0;
		};
/* End PBXFrameworksBuildPhase section */

/* Begin PBXGroup section */
		8B0924B827C61AC6006A6488 /* Resources */ = {
			isa = PBXGroup;
			children = (
				8BA232D727C611190013F559 /* Assets.xcassets */,
				8BA232D927C611190013F559 /* LaunchScreen.storyboard */,
				8BA232DC27C611190013F559 /* Info.plist */,
			);
			path = Resources;
			sourceTree = "<group>";
		};
		8B0924BF27C61B45006A6488 /* Features */ = {
			isa = PBXGroup;
			children = (
				8B0925E127C82097006A6488 /* Coordinator */,
				8B0924CB27C61DA3006A6488 /* Intro */,
				8B0924FD27C6CD4A006A6488 /* Product */,
			);
			path = Features;
			sourceTree = "<group>";
		};
		8B0924C027C61B49006A6488 /* Networking */ = {
			isa = PBXGroup;
			children = (
				8B09258827C7FD0D006A6488 /* Error.swift */,
				8B09257927C7F902006A6488 /* Endpoint.swift */,
				8B09257E27C7F952006A6488 /* DataRequest.swift */,
				8B09258327C7FA94006A6488 /* NetworkRequest.swift */,
				8B09258D27C7FF80006A6488 /* Network+Products.swift */,
				8B09259827C807CE006A6488 /* Network+Grades.swift */,
			);
			path = Networking;
			sourceTree = "<group>";
		};
		8B0924C127C61B61006A6488 /* Helpers */ = {
			isa = PBXGroup;
			children = (
				8B0924F427C6219C006A6488 /* PTViewController.swift */,
				8B0924E627C61F11006A6488 /* Globals.swift */,
				8B09252627C6E76A006A6488 /* Strings.swift */,
				8B09251727C6CF11006A6488 /* Views */,
				8B0924C227C61D1D006A6488 /* Extensions */,
			);
			path = Helpers;
			sourceTree = "<group>";
		};
		8B0924C227C61D1D006A6488 /* Extensions */ = {
			isa = PBXGroup;
			children = (
				8B0924E127C61E9F006A6488 /* UIView.swift */,
				8B09254627C6EED0006A6488 /* UITableView.swift */,
				8B09264127CA96BF006A6488 /* UIApplication.swift */,
			);
			path = Extensions;
			sourceTree = "<group>";
		};
		8B0924CB27C61DA3006A6488 /* Intro */ = {
			isa = PBXGroup;
			children = (
				8B0924CC27C61DC2006A6488 /* InitialViewController.swift */,
				8B0924CD27C61DC2006A6488 /* InitialViewController.xib */,
			);
			path = Intro;
			sourceTree = "<group>";
		};
		8B0924FD27C6CD4A006A6488 /* Product */ = {
			isa = PBXGroup;
			children = (
				8B0925F327C82199006A6488 /* ProductCoordinator.swift */,
				8B09259227C80723006A6488 /* Models */,
				8B09250827C6CD70006A6488 /* ProductsList */,
				8B09250C27C6CD7D006A6488 /* ProductDetails */,
			);
			path = Product;
			sourceTree = "<group>";
		};
		8B09250827C6CD70006A6488 /* ProductsList */ = {
			isa = PBXGroup;
			children = (
				8B0925A327C80B1B006A6488 /* Models */,
				8B09253427C6E81C006A6488 /* Views */,
				8B0925A227C80B05006A6488 /* Controllers */,
			);
			path = ProductsList;
			sourceTree = "<group>";
		};
		8B09250C27C6CD7D006A6488 /* ProductDetails */ = {
			isa = PBXGroup;
			children = (
				8B09250D27C6CDDB006A6488 /* ProductDetailsViewController.swift */,
				8B09250E27C6CDDC006A6488 /* ProductDetailsViewController.xib */,
			);
			path = ProductDetails;
			sourceTree = "<group>";
		};
		8B09251727C6CF11006A6488 /* Views */ = {
			isa = PBXGroup;
			children = (
				8B09251D27C6CF8B006A6488 /* PTSpinner.swift */,
			);
			path = Views;
			sourceTree = "<group>";
		};
		8B09253427C6E81C006A6488 /* Views */ = {
			isa = PBXGroup;
			children = (
				8B09254B27C6EFA9006A6488 /* Header */,
				8B09254C27C6EFB2006A6488 /* Cells */,
				8B0924FF27C6CD6B006A6488 /* ProductsListViewController.xib */,
			);
			path = Views;
			sourceTree = "<group>";
		};
		8B09254B27C6EFA9006A6488 /* Header */ = {
			isa = PBXGroup;
			children = (
				8B09253527C6E835006A6488 /* ProductsListHeaderView.swift */,
				8B09253D27C6E83F006A6488 /* ProductsListHeaderView.xib */,
			);
			path = Header;
			sourceTree = "<group>";
		};
		8B09254C27C6EFB2006A6488 /* Cells */ = {
			isa = PBXGroup;
			children = (
				8B09254D27C6EFCA006A6488 /* ProductTableViewCell.swift */,
				8B09254E27C6EFCA006A6488 /* ProductTableViewCell.xib */,
			);
			path = Cells;
			sourceTree = "<group>";
		};
		8B09259227C80723006A6488 /* Models */ = {
			isa = PBXGroup;
			children = (
				8B09259327C8072D006A6488 /* Product.swift */,
				8B09259D27C80873006A6488 /* Grade.swift */,
			);
			path = Models;
			sourceTree = "<group>";
		};
		8B0925A227C80B05006A6488 /* Controllers */ = {
			isa = PBXGroup;
			children = (
				8B0924FE27C6CD6B006A6488 /* ProductsListViewController.swift */,
			);
			path = Controllers;
			sourceTree = "<group>";
		};
		8B0925A327C80B1B006A6488 /* Models */ = {
			isa = PBXGroup;
			children = (
				8B0925B627C80C83006A6488 /* Network */,
				8B0925A427C80B1F006A6488 /* Protocols */,
				8B09260B27C82A58006A6488 /* ProductsListModelController.swift */,
				8B09261D27C82E01006A6488 /* ProductsListDataSource.swift */,
			);
			path = Models;
			sourceTree = "<group>";
		};
		8B0925A427C80B1F006A6488 /* Protocols */ = {
			isa = PBXGroup;
			children = (
				8B0925A527C80B65006A6488 /* Network */,
				8B09262A27C82EF2006A6488 /* ProductsListViewControllerProtocol.swift */,
				8B09262527C82EDA006A6488 /* ProductsListOutputProtocol.swift */,
				8B09263227C82F0F006A6488 /* ProductsListInputProtocol.swift */,
			);
			path = Protocols;
			sourceTree = "<group>";
		};
		8B0925A527C80B65006A6488 /* Network */ = {
			isa = PBXGroup;
			children = (
			);
			path = Network;
			sourceTree = "<group>";
		};
		8B0925B627C80C83006A6488 /* Network */ = {
			isa = PBXGroup;
			children = (
				8B0925B727C80C8D006A6488 /* Protocols */,
				8B0925CE27C80DF8006A6488 /* ProductsLevel1Fetcher.swift */,
				8B0925DC27C811FF006A6488 /* ProductsLevel2Fetcher.swift */,
				8B09263727C8E903006A6488 /* GradeFetcher.swift */,
				8B09263C27C8F89B006A6488 /* GradeRequestData.swift */,
			);
			path = Network;
			sourceTree = "<group>";
		};
		8B0925B727C80C8D006A6488 /* Protocols */ = {
			isa = PBXGroup;
			children = (
				8B0925A627C80B8D006A6488 /* ProductFetching.swift */,
				8B0925B127C80C43006A6488 /* GradeFetching.swift */,
			);
			path = Protocols;
			sourceTree = "<group>";
		};
		8B0925E127C82097006A6488 /* Coordinator */ = {
			isa = PBXGroup;
			children = (
				8B09260327C82308006A6488 /* AppCoordinator.swift */,
				8B0925E327C820F2006A6488 /* Coordinatable.swift */,
			);
			path = Coordinator;
			sourceTree = "<group>";
		};
		8BA232C227C611100013F559 = {
			isa = PBXGroup;
			children = (
				8BA232CD27C611100013F559 /* PT */,
				8BA232E427C611190013F559 /* PTTests */,
				8BA232EF27C611190013F559 /* PTUITests */,
				8BA232CC27C611100013F559 /* Products */,
			);
			sourceTree = "<group>";
		};
		8BA232CC27C611100013F559 /* Products */ = {
			isa = PBXGroup;
			children = (
				8BA232CB27C611100013F559 /* PT.app */,
				8BA232E127C611190013F559 /* PTTests.xctest */,
				8BA232EC27C611190013F559 /* PTUITests.xctest */,
			);
			name = Products;
			sourceTree = "<group>";
		};
		8BA232CD27C611100013F559 /* PT */ = {
			isa = PBXGroup;
			children = (
				8BA232CE27C611100013F559 /* AppDelegate.swift */,
				8B0924BF27C61B45006A6488 /* Features */,
				8B0924C027C61B49006A6488 /* Networking */,
				8B0924C127C61B61006A6488 /* Helpers */,
				8B0924B827C61AC6006A6488 /* Resources */,
			);
			path = PT;
			sourceTree = "<group>";
		};
		8BA232E427C611190013F559 /* PTTests */ = {
			isa = PBXGroup;
			children = (
				8BA232E527C611190013F559 /* PTTests.swift */,
				8BA232E727C611190013F559 /* Info.plist */,
			);
			path = PTTests;
			sourceTree = "<group>";
		};
		8BA232EF27C611190013F559 /* PTUITests */ = {
			isa = PBXGroup;
			children = (
				8BA232F027C611190013F559 /* PTUITests.swift */,
				8BA232F227C611190013F559 /* Info.plist */,
			);
			path = PTUITests;
			sourceTree = "<group>";
		};
/* End PBXGroup section */

/* Begin PBXNativeTarget section */
		8BA232CA27C611100013F559 /* PT */ = {
			isa = PBXNativeTarget;
			buildConfigurationList = 8BA232F527C611190013F559 /* Build configuration list for PBXNativeTarget "PT" */;
			buildPhases = (
				8BA232C727C611100013F559 /* Sources */,
				8BA232C827C611100013F559 /* Frameworks */,
				8BA232C927C611100013F559 /* Resources */,
			);
			buildRules = (
			);
			dependencies = (
			);
			name = PT;
			productName = PT;
			productReference = 8BA232CB27C611100013F559 /* PT.app */;
			productType = "com.apple.product-type.application";
		};
		8BA232E027C611190013F559 /* PTTests */ = {
			isa = PBXNativeTarget;
			buildConfigurationList = 8BA232F827C611190013F559 /* Build configuration list for PBXNativeTarget "PTTests" */;
			buildPhases = (
				8BA232DD27C611190013F559 /* Sources */,
				8BA232DE27C611190013F559 /* Frameworks */,
				8BA232DF27C611190013F559 /* Resources */,
			);
			buildRules = (
			);
			dependencies = (
				8BA232E327C611190013F559 /* PBXTargetDependency */,
			);
			name = PTTests;
			productName = PTTests;
			productReference = 8BA232E127C611190013F559 /* PTTests.xctest */;
			productType = "com.apple.product-type.bundle.unit-test";
		};
		8BA232EB27C611190013F559 /* PTUITests */ = {
			isa = PBXNativeTarget;
			buildConfigurationList = 8BA232FB27C611190013F559 /* Build configuration list for PBXNativeTarget "PTUITests" */;
			buildPhases = (
				8BA232E827C611190013F559 /* Sources */,
				8BA232E927C611190013F559 /* Frameworks */,
				8BA232EA27C611190013F559 /* Resources */,
			);
			buildRules = (
			);
			dependencies = (
				8BA232EE27C611190013F559 /* PBXTargetDependency */,
			);
			name = PTUITests;
			productName = PTUITests;
			productReference = 8BA232EC27C611190013F559 /* PTUITests.xctest */;
			productType = "com.apple.product-type.bundle.ui-testing";
		};
/* End PBXNativeTarget section */

/* Begin PBXProject section */
		8BA232C327C611100013F559 /* Project object */ = {
			isa = PBXProject;
			attributes = {
				LastSwiftUpdateCheck = 1240;
				LastUpgradeCheck = 1240;
				TargetAttributes = {
					8BA232CA27C611100013F559 = {
						CreatedOnToolsVersion = 12.4;
					};
					8BA232E027C611190013F559 = {
						CreatedOnToolsVersion = 12.4;
						TestTargetID = 8BA232CA27C611100013F559;
					};
					8BA232EB27C611190013F559 = {
						CreatedOnToolsVersion = 12.4;
						TestTargetID = 8BA232CA27C611100013F559;
					};
				};
			};
			buildConfigurationList = 8BA232C627C611100013F559 /* Build configuration list for PBXProject "PT" */;
			compatibilityVersion = "Xcode 9.3";
			developmentRegion = en;
			hasScannedForEncodings = 0;
			knownRegions = (
				en,
				Base,
			);
			mainGroup = 8BA232C227C611100013F559;
			productRefGroup = 8BA232CC27C611100013F559 /* Products */;
			projectDirPath = "";
			projectRoot = "";
			targets = (
				8BA232CA27C611100013F559 /* PT */,
				8BA232E027C611190013F559 /* PTTests */,
				8BA232EB27C611190013F559 /* PTUITests */,
			);
		};
/* End PBXProject section */

/* Begin PBXResourcesBuildPhase section */
		8BA232C927C611100013F559 /* Resources */ = {
			isa = PBXResourcesBuildPhase;
			buildActionMask = 2147483647;
			files = (
				8BA232DB27C611190013F559 /* LaunchScreen.storyboard in Resources */,
				8BA232D827C611190013F559 /* Assets.xcassets in Resources */,
				8B09251027C6CDDC006A6488 /* ProductDetailsViewController.xib in Resources */,
				8B09255027C6EFCA006A6488 /* ProductTableViewCell.xib in Resources */,
				8B09253E27C6E83F006A6488 /* ProductsListHeaderView.xib in Resources */,
				8B09250127C6CD6B006A6488 /* ProductsListViewController.xib in Resources */,
				8B0924CF27C61DC2006A6488 /* InitialViewController.xib in Resources */,
			);
			runOnlyForDeploymentPostprocessing = 0;
		};
		8BA232DF27C611190013F559 /* Resources */ = {
			isa = PBXResourcesBuildPhase;
			buildActionMask = 2147483647;
			files = (
			);
			runOnlyForDeploymentPostprocessing = 0;
		};
		8BA232EA27C611190013F559 /* Resources */ = {
			isa = PBXResourcesBuildPhase;
			buildActionMask = 2147483647;
			files = (
			);
			runOnlyForDeploymentPostprocessing = 0;
		};
/* End PBXResourcesBuildPhase section */

/* Begin PBXSourcesBuildPhase section */
		8BA232C727C611100013F559 /* Sources */ = {
			isa = PBXSourcesBuildPhase;
			buildActionMask = 2147483647;
			files = (
				8B0925CF27C80DF8006A6488 /* ProductsLevel1Fetcher.swift in Sources */,
				8B0925A727C80B8D006A6488 /* ProductFetching.swift in Sources */,
				8B09258927C7FD0D006A6488 /* Error.swift in Sources */,
				8B09251E27C6CF8B006A6488 /* PTSpinner.swift in Sources */,
				8B09262B27C82EF2006A6488 /* ProductsListViewControllerProtocol.swift in Sources */,
				8B09252727C6E76A006A6488 /* Strings.swift in Sources */,
				8B09250F27C6CDDC006A6488 /* ProductDetailsViewController.swift in Sources */,
				8B09257A27C7F903006A6488 /* Endpoint.swift in Sources */,
				8B09264227CA96C0006A6488 /* UIApplication.swift in Sources */,
				8B09260C27C82A58006A6488 /* ProductsListModelController.swift in Sources */,
				8B09258427C7FA94006A6488 /* NetworkRequest.swift in Sources */,
				8B0924F527C6219C006A6488 /* PTViewController.swift in Sources */,
				8B0924CE27C61DC2006A6488 /* InitialViewController.swift in Sources */,
				8B09263327C82F0F006A6488 /* ProductsListInputProtocol.swift in Sources */,
				8B09263D27C8F89B006A6488 /* GradeRequestData.swift in Sources */,
				8B0925B227C80C43006A6488 /* GradeFetching.swift in Sources */,
				8B09254F27C6EFCA006A6488 /* ProductTableViewCell.swift in Sources */,
				8B09261E27C82E01006A6488 /* ProductsListDataSource.swift in Sources */,
				8B09257F27C7F952006A6488 /* DataRequest.swift in Sources */,
				8B09250027C6CD6B006A6488 /* ProductsListViewController.swift in Sources */,
				8B09259427C8072D006A6488 /* Product.swift in Sources */,
				8B09263827C8E903006A6488 /* GradeFetcher.swift in Sources */,
				8B09258E27C7FF80006A6488 /* Network+Products.swift in Sources */,
				8B09259E27C80873006A6488 /* Grade.swift in Sources */,
				8B09259927C807CE006A6488 /* Network+Grades.swift in Sources */,
				8B0924E727C61F11006A6488 /* Globals.swift in Sources */,
				8B09260427C82308006A6488 /* AppCoordinator.swift in Sources */,
				8B09254727C6EED0006A6488 /* UITableView.swift in Sources */,
				8B09253627C6E835006A6488 /* ProductsListHeaderView.swift in Sources */,
				8B0925DD27C811FF006A6488 /* ProductsLevel2Fetcher.swift in Sources */,
				8B0925E427C820F3006A6488 /* Coordinatable.swift in Sources */,
				8B09262627C82EDA006A6488 /* ProductsListOutputProtocol.swift in Sources */,
				8B0924E227C61E9F006A6488 /* UIView.swift in Sources */,
				8B0925F427C82199006A6488 /* ProductCoordinator.swift in Sources */,
				8BA232CF27C611100013F559 /* AppDelegate.swift in Sources */,
			);
			runOnlyForDeploymentPostprocessing = 0;
		};
		8BA232DD27C611190013F559 /* Sources */ = {
			isa = PBXSourcesBuildPhase;
			buildActionMask = 2147483647;
			files = (
				8BA232E627C611190013F559 /* PTTests.swift in Sources */,
			);
			runOnlyForDeploymentPostprocessing = 0;
		};
		8BA232E827C611190013F559 /* Sources */ = {
			isa = PBXSourcesBuildPhase;
			buildActionMask = 2147483647;
			files = (
				8BA232F127C611190013F559 /* PTUITests.swift in Sources */,
			);
			runOnlyForDeploymentPostprocessing = 0;
		};
/* End PBXSourcesBuildPhase section */

/* Begin PBXTargetDependency section */
		8BA232E327C611190013F559 /* PBXTargetDependency */ = {
			isa = PBXTargetDependency;
			target = 8BA232CA27C611100013F559 /* PT */;
			targetProxy = 8BA232E227C611190013F559 /* PBXContainerItemProxy */;
		};
		8BA232EE27C611190013F559 /* PBXTargetDependency */ = {
			isa = PBXTargetDependency;
			target = 8BA232CA27C611100013F559 /* PT */;
			targetProxy = 8BA232ED27C611190013F559 /* PBXContainerItemProxy */;
		};
/* End PBXTargetDependency section */

/* Begin PBXVariantGroup section */
		8BA232D927C611190013F559 /* LaunchScreen.storyboard */ = {
			isa = PBXVariantGroup;
			children = (
				8BA232DA27C611190013F559 /* Base */,
			);
			name = LaunchScreen.storyboard;
			sourceTree = "<group>";
		};
/* End PBXVariantGroup section */

/* Begin XCBuildConfiguration section */
		8BA232F327C611190013F559 /* Debug */ = {
			isa = XCBuildConfiguration;
			buildSettings = {
				ALWAYS_SEARCH_USER_PATHS = NO;
				CLANG_ANALYZER_NONNULL = YES;
				CLANG_ANALYZER_NUMBER_OBJECT_CONVERSION = YES_AGGRESSIVE;
				CLANG_CXX_LANGUAGE_STANDARD = "gnu++14";
				CLANG_CXX_LIBRARY = "libc++";
				CLANG_ENABLE_MODULES = YES;
				CLANG_ENABLE_OBJC_ARC = YES;
				CLANG_ENABLE_OBJC_WEAK = YES;
				CLANG_WARN_BLOCK_CAPTURE_AUTORELEASING = YES;
				CLANG_WARN_BOOL_CONVERSION = YES;
				CLANG_WARN_COMMA = YES;
				CLANG_WARN_CONSTANT_CONVERSION = YES;
				CLANG_WARN_DEPRECATED_OBJC_IMPLEMENTATIONS = YES;
				CLANG_WARN_DIRECT_OBJC_ISA_USAGE = YES_ERROR;
				CLANG_WARN_DOCUMENTATION_COMMENTS = YES;
				CLANG_WARN_EMPTY_BODY = YES;
				CLANG_WARN_ENUM_CONVERSION = YES;
				CLANG_WARN_INFINITE_RECURSION = YES;
				CLANG_WARN_INT_CONVERSION = YES;
				CLANG_WARN_NON_LITERAL_NULL_CONVERSION = YES;
				CLANG_WARN_OBJC_IMPLICIT_RETAIN_SELF = YES;
				CLANG_WARN_OBJC_LITERAL_CONVERSION = YES;
				CLANG_WARN_OBJC_ROOT_CLASS = YES_ERROR;
				CLANG_WARN_QUOTED_INCLUDE_IN_FRAMEWORK_HEADER = YES;
				CLANG_WARN_RANGE_LOOP_ANALYSIS = YES;
				CLANG_WARN_STRICT_PROTOTYPES = YES;
				CLANG_WARN_SUSPICIOUS_MOVE = YES;
				CLANG_WARN_UNGUARDED_AVAILABILITY = YES_AGGRESSIVE;
				CLANG_WARN_UNREACHABLE_CODE = YES;
				CLANG_WARN__DUPLICATE_METHOD_MATCH = YES;
				COPY_PHASE_STRIP = NO;
				DEBUG_INFORMATION_FORMAT = dwarf;
				ENABLE_STRICT_OBJC_MSGSEND = YES;
				ENABLE_TESTABILITY = YES;
				GCC_C_LANGUAGE_STANDARD = gnu11;
				GCC_DYNAMIC_NO_PIC = NO;
				GCC_NO_COMMON_BLOCKS = YES;
				GCC_OPTIMIZATION_LEVEL = 0;
				GCC_PREPROCESSOR_DEFINITIONS = (
					"DEBUG=1",
					"$(inherited)",
				);
				GCC_WARN_64_TO_32_BIT_CONVERSION = YES;
				GCC_WARN_ABOUT_RETURN_TYPE = YES_ERROR;
				GCC_WARN_UNDECLARED_SELECTOR = YES;
				GCC_WARN_UNINITIALIZED_AUTOS = YES_AGGRESSIVE;
				GCC_WARN_UNUSED_FUNCTION = YES;
				GCC_WARN_UNUSED_VARIABLE = YES;
				IPHONEOS_DEPLOYMENT_TARGET = 14.0;
				MTL_ENABLE_DEBUG_INFO = INCLUDE_SOURCE;
				MTL_FAST_MATH = YES;
				ONLY_ACTIVE_ARCH = YES;
				SDKROOT = iphoneos;
				SWIFT_ACTIVE_COMPILATION_CONDITIONS = DEBUG;
				SWIFT_OPTIMIZATION_LEVEL = "-Onone";
			};
			name = Debug;
		};
		8BA232F427C611190013F559 /* Release */ = {
			isa = XCBuildConfiguration;
			buildSettings = {
				ALWAYS_SEARCH_USER_PATHS = NO;
				CLANG_ANALYZER_NONNULL = YES;
				CLANG_ANALYZER_NUMBER_OBJECT_CONVERSION = YES_AGGRESSIVE;
				CLANG_CXX_LANGUAGE_STANDARD = "gnu++14";
				CLANG_CXX_LIBRARY = "libc++";
				CLANG_ENABLE_MODULES = YES;
				CLANG_ENABLE_OBJC_ARC = YES;
				CLANG_ENABLE_OBJC_WEAK = YES;
				CLANG_WARN_BLOCK_CAPTURE_AUTORELEASING = YES;
				CLANG_WARN_BOOL_CONVERSION = YES;
				CLANG_WARN_COMMA = YES;
				CLANG_WARN_CONSTANT_CONVERSION = YES;
				CLANG_WARN_DEPRECATED_OBJC_IMPLEMENTATIONS = YES;
				CLANG_WARN_DIRECT_OBJC_ISA_USAGE = YES_ERROR;
				CLANG_WARN_DOCUMENTATION_COMMENTS = YES;
				CLANG_WARN_EMPTY_BODY = YES;
				CLANG_WARN_ENUM_CONVERSION = YES;
				CLANG_WARN_INFINITE_RECURSION = YES;
				CLANG_WARN_INT_CONVERSION = YES;
				CLANG_WARN_NON_LITERAL_NULL_CONVERSION = YES;
				CLANG_WARN_OBJC_IMPLICIT_RETAIN_SELF = YES;
				CLANG_WARN_OBJC_LITERAL_CONVERSION = YES;
				CLANG_WARN_OBJC_ROOT_CLASS = YES_ERROR;
				CLANG_WARN_QUOTED_INCLUDE_IN_FRAMEWORK_HEADER = YES;
				CLANG_WARN_RANGE_LOOP_ANALYSIS = YES;
				CLANG_WARN_STRICT_PROTOTYPES = YES;
				CLANG_WARN_SUSPICIOUS_MOVE = YES;
				CLANG_WARN_UNGUARDED_AVAILABILITY = YES_AGGRESSIVE;
				CLANG_WARN_UNREACHABLE_CODE = YES;
				CLANG_WARN__DUPLICATE_METHOD_MATCH = YES;
				COPY_PHASE_STRIP = NO;
				DEBUG_INFORMATION_FORMAT = "dwarf-with-dsym";
				ENABLE_NS_ASSERTIONS = NO;
				ENABLE_STRICT_OBJC_MSGSEND = YES;
				GCC_C_LANGUAGE_STANDARD = gnu11;
				GCC_NO_COMMON_BLOCKS = YES;
				GCC_WARN_64_TO_32_BIT_CONVERSION = YES;
				GCC_WARN_ABOUT_RETURN_TYPE = YES_ERROR;
				GCC_WARN_UNDECLARED_SELECTOR = YES;
				GCC_WARN_UNINITIALIZED_AUTOS = YES_AGGRESSIVE;
				GCC_WARN_UNUSED_FUNCTION = YES;
				GCC_WARN_UNUSED_VARIABLE = YES;
				IPHONEOS_DEPLOYMENT_TARGET = 14.0;
				MTL_ENABLE_DEBUG_INFO = NO;
				MTL_FAST_MATH = YES;
				SDKROOT = iphoneos;
				SWIFT_COMPILATION_MODE = wholemodule;
				SWIFT_OPTIMIZATION_LEVEL = "-O";
				VALIDATE_PRODUCT = YES;
			};
			name = Release;
		};
		8BA232F627C611190013F559 /* Debug */ = {
			isa = XCBuildConfiguration;
			buildSettings = {
				ASSETCATALOG_COMPILER_APPICON_NAME = AppIcon;
				ASSETCATALOG_COMPILER_GLOBAL_ACCENT_COLOR_NAME = AccentColor;
				CODE_SIGN_STYLE = Automatic;
				INFOPLIST_FILE = PT/Resources/Info.plist;
				IPHONEOS_DEPLOYMENT_TARGET = 14.1;
				LD_RUNPATH_SEARCH_PATHS = (
					"$(inherited)",
					"@executable_path/Frameworks",
				);
				PRODUCT_BUNDLE_IDENTIFIER = swift.PT;
				PRODUCT_NAME = "$(TARGET_NAME)";
				SWIFT_VERSION = 5.0;
				TARGETED_DEVICE_FAMILY = 1;
			};
			name = Debug;
		};
		8BA232F727C611190013F559 /* Release */ = {
			isa = XCBuildConfiguration;
			buildSettings = {
				ASSETCATALOG_COMPILER_APPICON_NAME = AppIcon;
				ASSETCATALOG_COMPILER_GLOBAL_ACCENT_COLOR_NAME = AccentColor;
				CODE_SIGN_STYLE = Automatic;
				INFOPLIST_FILE = PT/Resources/Info.plist;
				IPHONEOS_DEPLOYMENT_TARGET = 14.1;
				LD_RUNPATH_SEARCH_PATHS = (
					"$(inherited)",
					"@executable_path/Frameworks",
				);
				PRODUCT_BUNDLE_IDENTIFIER = swift.PT;
				PRODUCT_NAME = "$(TARGET_NAME)";
				SWIFT_VERSION = 5.0;
				TARGETED_DEVICE_FAMILY = 1;
			};
			name = Release;
		};
		8BA232F927C611190013F559 /* Debug */ = {
			isa = XCBuildConfiguration;
			buildSettings = {
				ALWAYS_EMBED_SWIFT_STANDARD_LIBRARIES = YES;
				BUNDLE_LOADER = "$(TEST_HOST)";
				CODE_SIGN_STYLE = Automatic;
				INFOPLIST_FILE = PTTests/Info.plist;
				IPHONEOS_DEPLOYMENT_TARGET = 14.4;
				LD_RUNPATH_SEARCH_PATHS = (
					"$(inherited)",
					"@executable_path/Frameworks",
					"@loader_path/Frameworks",
				);
				PRODUCT_BUNDLE_IDENTIFIER = swift.PTTests;
				PRODUCT_NAME = "$(TARGET_NAME)";
				SWIFT_VERSION = 5.0;
				TARGETED_DEVICE_FAMILY = "1,2";
				TEST_HOST = "$(BUILT_PRODUCTS_DIR)/PT.app/PT";
			};
			name = Debug;
		};
		8BA232FA27C611190013F559 /* Release */ = {
			isa = XCBuildConfiguration;
			buildSettings = {
				ALWAYS_EMBED_SWIFT_STANDARD_LIBRARIES = YES;
				BUNDLE_LOADER = "$(TEST_HOST)";
				CODE_SIGN_STYLE = Automatic;
				INFOPLIST_FILE = PTTests/Info.plist;
				IPHONEOS_DEPLOYMENT_TARGET = 14.4;
				LD_RUNPATH_SEARCH_PATHS = (
					"$(inherited)",
					"@executable_path/Frameworks",
					"@loader_path/Frameworks",
				);
				PRODUCT_BUNDLE_IDENTIFIER = swift.PTTests;
				PRODUCT_NAME = "$(TARGET_NAME)";
				SWIFT_VERSION = 5.0;
				TARGETED_DEVICE_FAMILY = "1,2";
				TEST_HOST = "$(BUILT_PRODUCTS_DIR)/PT.app/PT";
			};
			name = Release;
		};
		8BA232FC27C611190013F559 /* Debug */ = {
			isa = XCBuildConfiguration;
			buildSettings = {
				ALWAYS_EMBED_SWIFT_STANDARD_LIBRARIES = YES;
				CODE_SIGN_STYLE = Automatic;
				INFOPLIST_FILE = PTUITests/Info.plist;
				LD_RUNPATH_SEARCH_PATHS = (
					"$(inherited)",
					"@executable_path/Frameworks",
					"@loader_path/Frameworks",
				);
				PRODUCT_BUNDLE_IDENTIFIER = swift.PTUITests;
				PRODUCT_NAME = "$(TARGET_NAME)";
				SWIFT_VERSION = 5.0;
				TARGETED_DEVICE_FAMILY = "1,2";
				TEST_TARGET_NAME = PT;
			};
			name = Debug;
		};
		8BA232FD27C611190013F559 /* Release */ = {
			isa = XCBuildConfiguration;
			buildSettings = {
				ALWAYS_EMBED_SWIFT_STANDARD_LIBRARIES = YES;
				CODE_SIGN_STYLE = Automatic;
				INFOPLIST_FILE = PTUITests/Info.plist;
				LD_RUNPATH_SEARCH_PATHS = (
					"$(inherited)",
					"@executable_path/Frameworks",
					"@loader_path/Frameworks",
				);
				PRODUCT_BUNDLE_IDENTIFIER = swift.PTUITests;
				PRODUCT_NAME = "$(TARGET_NAME)";
				SWIFT_VERSION = 5.0;
				TARGETED_DEVICE_FAMILY = "1,2";
				TEST_TARGET_NAME = PT;
			};
			name = Release;
		};
/* End XCBuildConfiguration section */

/* Begin XCConfigurationList section */
		8BA232C627C611100013F559 /* Build configuration list for PBXProject "PT" */ = {
			isa = XCConfigurationList;
			buildConfigurations = (
				8BA232F327C611190013F559 /* Debug */,
				8BA232F427C611190013F559 /* Release */,
			);
			defaultConfigurationIsVisible = 0;
			defaultConfigurationName = Release;
		};
		8BA232F527C611190013F559 /* Build configuration list for PBXNativeTarget "PT" */ = {
			isa = XCConfigurationList;
			buildConfigurations = (
				8BA232F627C611190013F559 /* Debug */,
				8BA232F727C611190013F559 /* Release */,
			);
			defaultConfigurationIsVisible = 0;
			defaultConfigurationName = Release;
		};
		8BA232F827C611190013F559 /* Build configuration list for PBXNativeTarget "PTTests" */ = {
			isa = XCConfigurationList;
			buildConfigurations = (
				8BA232F927C611190013F559 /* Debug */,
				8BA232FA27C611190013F559 /* Release */,
			);
			defaultConfigurationIsVisible = 0;
			defaultConfigurationName = Release;
		};
		8BA232FB27C611190013F559 /* Build configuration list for PBXNativeTarget "PTUITests" */ = {
			isa = XCConfigurationList;
			buildConfigurations = (
				8BA232FC27C611190013F559 /* Debug */,
				8BA232FD27C611190013F559 /* Release */,
			);
			defaultConfigurationIsVisible = 0;
			defaultConfigurationName = Release;
		};
/* End XCConfigurationList section */
	};
	rootObject = 8BA232C327C611100013F559 /* Project object */;
}
